// !$*UTF8*$!
{
	archiveVersion = 1;
	classes = {
	};
	objectVersion = 50;
	objects = {

/* Begin PBXBuildFile section */
		DF5ACB615AA6F428B1472986 /* Pods_Todoey.framework in Frameworks */ = {isa = PBXBuildFile; fileRef = DD3FC3D1AAA1E9976E52FB7D /* Pods_Todoey.framework */; };
		E320F2682247DF5000CEB179 /* README.md in Resources */ = {isa = PBXBuildFile; fileRef = E320F2672247DF5000CEB179 /* README.md */; };
		E39277D8222F2E8700338498 /* AppDelegate.swift in Sources */ = {isa = PBXBuildFile; fileRef = E39277D7222F2E8700338498 /* AppDelegate.swift */; };
		E39277DA222F2E8700338498 /* TodoListViewController.swift in Sources */ = {isa = PBXBuildFile; fileRef = E39277D9222F2E8700338498 /* TodoListViewController.swift */; };
		E39277DD222F2E8700338498 /* Main.storyboard in Resources */ = {isa = PBXBuildFile; fileRef = E39277DB222F2E8700338498 /* Main.storyboard */; };
		E39277DF222F2E8900338498 /* Assets.xcassets in Resources */ = {isa = PBXBuildFile; fileRef = E39277DE222F2E8900338498 /* Assets.xcassets */; };
		E39277E2222F2E8900338498 /* LaunchScreen.storyboard in Resources */ = {isa = PBXBuildFile; fileRef = E39277E0222F2E8900338498 /* LaunchScreen.storyboard */; };
		E39278142236F22A00338498 /* CategoryViewController.swift in Sources */ = {isa = PBXBuildFile; fileRef = E39278132236F22A00338498 /* CategoryViewController.swift */; };
		E392781822371BF000338498 /* Item.swift in Sources */ = {isa = PBXBuildFile; fileRef = E392781722371BF000338498 /* Item.swift */; };
		E392781A22371BF500338498 /* Category.swift in Sources */ = {isa = PBXBuildFile; fileRef = E392781922371BF500338498 /* Category.swift */; };
		E3F1D8CF22482C6B003629BA /* SwipeTableViewController.swift in Sources */ = {isa = PBXBuildFile; fileRef = E3F1D8CE22482C6B003629BA /* SwipeTableViewController.swift */; };
/* End PBXBuildFile section */

/* Begin PBXFileReference section */
		810166CB41EF0049F97DFAB8 /* Pods-Todoey.release.xcconfig */ = {isa = PBXFileReference; includeInIndex = 1; lastKnownFileType = text.xcconfig; name = "Pods-Todoey.release.xcconfig"; path = "Target Support Files/Pods-Todoey/Pods-Todoey.release.xcconfig"; sourceTree = "<group>"; };
		B0E1CC110BFE44BF7B8F7686 /* Pods-Todoey.debug.xcconfig */ = {isa = PBXFileReference; includeInIndex = 1; lastKnownFileType = text.xcconfig; name = "Pods-Todoey.debug.xcconfig"; path = "Target Support Files/Pods-Todoey/Pods-Todoey.debug.xcconfig"; sourceTree = "<group>"; };
		DD3FC3D1AAA1E9976E52FB7D /* Pods_Todoey.framework */ = {isa = PBXFileReference; explicitFileType = wrapper.framework; includeInIndex = 0; path = Pods_Todoey.framework; sourceTree = BUILT_PRODUCTS_DIR; };
		E320F2672247DF5000CEB179 /* README.md */ = {isa = PBXFileReference; lastKnownFileType = net.daringfireball.markdown; path = README.md; sourceTree = "<group>"; };
		E39277D4222F2E8700338498 /* Todoey.app */ = {isa = PBXFileReference; explicitFileType = wrapper.application; includeInIndex = 0; path = Todoey.app; sourceTree = BUILT_PRODUCTS_DIR; };
		E39277D7222F2E8700338498 /* AppDelegate.swift */ = {isa = PBXFileReference; lastKnownFileType = sourcecode.swift; path = AppDelegate.swift; sourceTree = "<group>"; };
		E39277D9222F2E8700338498 /* TodoListViewController.swift */ = {isa = PBXFileReference; lastKnownFileType = sourcecode.swift; path = TodoListViewController.swift; sourceTree = "<group>"; };
		E39277DC222F2E8700338498 /* Base */ = {isa = PBXFileReference; lastKnownFileType = file.storyboard; name = Base; path = Base.lproj/Main.storyboard; sourceTree = "<group>"; };
		E39277DE222F2E8900338498 /* Assets.xcassets */ = {isa = PBXFileReference; lastKnownFileType = folder.assetcatalog; path = Assets.xcassets; sourceTree = "<group>"; };
		E39277E1222F2E8900338498 /* Base */ = {isa = PBXFileReference; lastKnownFileType = file.storyboard; name = Base; path = Base.lproj/LaunchScreen.storyboard; sourceTree = "<group>"; };
		E39277E3222F2E8900338498 /* Info.plist */ = {isa = PBXFileReference; lastKnownFileType = text.plist.xml; path = Info.plist; sourceTree = "<group>"; };
		E39278132236F22A00338498 /* CategoryViewController.swift */ = {isa = PBXFileReference; lastKnownFileType = sourcecode.swift; name = CategoryViewController.swift; path = Todoey/Controllers/CategoryViewController.swift; sourceTree = SOURCE_ROOT; };
		E392781722371BF000338498 /* Item.swift */ = {isa = PBXFileReference; lastKnownFileType = sourcecode.swift; path = Item.swift; sourceTree = "<group>"; };
		E392781922371BF500338498 /* Category.swift */ = {isa = PBXFileReference; lastKnownFileType = sourcecode.swift; path = Category.swift; sourceTree = "<group>"; };
		E3F1D8CE22482C6B003629BA /* SwipeTableViewController.swift */ = {isa = PBXFileReference; lastKnownFileType = sourcecode.swift; path = SwipeTableViewController.swift; sourceTree = "<group>"; };
/* End PBXFileReference section */

/* Begin PBXFrameworksBuildPhase section */
		E39277D1222F2E8700338498 /* Frameworks */ = {
			isa = PBXFrameworksBuildPhase;
			buildActionMask = 2147483647;
			files = (
				DF5ACB615AA6F428B1472986 /* Pods_Todoey.framework in Frameworks */,
			);
			runOnlyForDeploymentPostprocessing = 0;
		};
/* End PBXFrameworksBuildPhase section */

/* Begin PBXGroup section */
		522C2AFF38DA04ACB90AA5AA /* Frameworks */ = {
			isa = PBXGroup;
			children = (
				DD3FC3D1AAA1E9976E52FB7D /* Pods_Todoey.framework */,
			);
			name = Frameworks;
			sourceTree = "<group>";
		};
		560D56B8305B2B79D18D4788 /* Pods */ = {
			isa = PBXGroup;
			children = (
				B0E1CC110BFE44BF7B8F7686 /* Pods-Todoey.debug.xcconfig */,
				810166CB41EF0049F97DFAB8 /* Pods-Todoey.release.xcconfig */,
			);
			path = Pods;
			sourceTree = "<group>";
		};
		E39277CB222F2E8700338498 = {
			isa = PBXGroup;
			children = (
				E320F2672247DF5000CEB179 /* README.md */,
				E39277D6222F2E8700338498 /* Todoey */,
				E39277D5222F2E8700338498 /* Products */,
				560D56B8305B2B79D18D4788 /* Pods */,
				522C2AFF38DA04ACB90AA5AA /* Frameworks */,
			);
			sourceTree = "<group>";
		};
		E39277D5222F2E8700338498 /* Products */ = {
			isa = PBXGroup;
			children = (
				E39277D4222F2E8700338498 /* Todoey.app */,
			);
			name = Products;
			sourceTree = "<group>";
		};
		E39277D6222F2E8700338498 /* Todoey */ = {
			isa = PBXGroup;
			children = (
				E39277D7222F2E8700338498 /* AppDelegate.swift */,
				E39277ED22334C2300338498 /* Controllers */,
				E39277EC22334C1700338498 /* Model */,
				E39277EB22334C0B00338498 /* View */,
				E39277EE22334C3200338498 /* Supporting Files */,
				E39277E3222F2E8900338498 /* Info.plist */,
			);
			path = Todoey;
			sourceTree = "<group>";
		};
		E39277EB22334C0B00338498 /* View */ = {
			isa = PBXGroup;
			children = (
				E39277DB222F2E8700338498 /* Main.storyboard */,
			);
			path = View;
			sourceTree = "<group>";
		};
		E39277EC22334C1700338498 /* Model */ = {
			isa = PBXGroup;
			children = (
				E392781922371BF500338498 /* Category.swift */,
				E392781722371BF000338498 /* Item.swift */,
			);
			path = Model;
			sourceTree = "<group>";
		};
		E39277ED22334C2300338498 /* Controllers */ = {
			isa = PBXGroup;
			children = (
				E39278132236F22A00338498 /* CategoryViewController.swift */,
				E39277D9222F2E8700338498 /* TodoListViewController.swift */,
				E3F1D8CE22482C6B003629BA /* SwipeTableViewController.swift */,
			);
			path = Controllers;
			sourceTree = "<group>";
		};
		E39277EE22334C3200338498 /* Supporting Files */ = {
			isa = PBXGroup;
			children = (
				E39277DE222F2E8900338498 /* Assets.xcassets */,
				E39277E0222F2E8900338498 /* LaunchScreen.storyboard */,
			);
			path = "Supporting Files";
			sourceTree = "<group>";
		};
/* End PBXGroup section */

/* Begin PBXNativeTarget section */
		E39277D3222F2E8700338498 /* Todoey */ = {
			isa = PBXNativeTarget;
			buildConfigurationList = E39277E6222F2E8900338498 /* Build configuration list for PBXNativeTarget "Todoey" */;
			buildPhases = (
				D18B156C4FF861E3A26738DE /* [CP] Check Pods Manifest.lock */,
				E39277D0222F2E8700338498 /* Sources */,
				E39277D1222F2E8700338498 /* Frameworks */,
				E39277D2222F2E8700338498 /* Resources */,
				26EB968319791EF0E2D6A61D /* [CP] Embed Pods Frameworks */,
			);
			buildRules = (
			);
			dependencies = (
			);
			name = Todoey;
			productName = Todoey;
			productReference = E39277D4222F2E8700338498 /* Todoey.app */;
			productType = "com.apple.product-type.application";
		};
/* End PBXNativeTarget section */

/* Begin PBXProject section */
		E39277CC222F2E8700338498 /* Project object */ = {
			isa = PBXProject;
			attributes = {
				LastSwiftUpdateCheck = 1010;
				LastUpgradeCheck = 1010;
				ORGANIZATIONNAME = "Adam Nogradi";
				TargetAttributes = {
					E39277D3222F2E8700338498 = {
						CreatedOnToolsVersion = 10.1;
					};
				};
			};
			buildConfigurationList = E39277CF222F2E8700338498 /* Build configuration list for PBXProject "Todoey" */;
			compatibilityVersion = "Xcode 9.3";
			developmentRegion = en;
			hasScannedForEncodings = 0;
			knownRegions = (
				en,
				Base,
			);
			mainGroup = E39277CB222F2E8700338498;
			productRefGroup = E39277D5222F2E8700338498 /* Products */;
			projectDirPath = "";
			projectRoot = "";
			targets = (
				E39277D3222F2E8700338498 /* Todoey */,
			);
		};
/* End PBXProject section */

/* Begin PBXResourcesBuildPhase section */
		E39277D2222F2E8700338498 /* Resources */ = {
			isa = PBXResourcesBuildPhase;
			buildActionMask = 2147483647;
			files = (
				E39277E2222F2E8900338498 /* LaunchScreen.storyboard in Resources */,
				E39277DF222F2E8900338498 /* Assets.xcassets in Resources */,
				E320F2682247DF5000CEB179 /* README.md in Resources */,
				E39277DD222F2E8700338498 /* Main.storyboard in Resources */,
			);
			runOnlyForDeploymentPostprocessing = 0;
		};
/* End PBXResourcesBuildPhase section */

/* Begin PBXShellScriptBuildPhase section */
		26EB968319791EF0E2D6A61D /* [CP] Embed Pods Frameworks */ = {
			isa = PBXShellScriptBuildPhase;
			buildActionMask = 2147483647;
			files = (
			);
			inputFileListPaths = (
			);
			inputPaths = (
				"${PODS_ROOT}/Target Support Files/Pods-Todoey/Pods-Todoey-frameworks.sh",
				"${BUILT_PRODUCTS_DIR}/ChameleonFramework/ChameleonFramework.framework",
				"${BUILT_PRODUCTS_DIR}/Realm/Realm.framework",
				"${BUILT_PRODUCTS_DIR}/RealmSwift/RealmSwift.framework",
				"${BUILT_PRODUCTS_DIR}/SwipeCellKit/SwipeCellKit.framework",
			);
			name = "[CP] Embed Pods Frameworks";
			outputFileListPaths = (
			);
			outputPaths = (
				"${TARGET_BUILD_DIR}/${FRAMEWORKS_FOLDER_PATH}/ChameleonFramework.framework",
				"${TARGET_BUILD_DIR}/${FRAMEWORKS_FOLDER_PATH}/Realm.framework",
				"${TARGET_BUILD_DIR}/${FRAMEWORKS_FOLDER_PATH}/RealmSwift.framework",
				"${TARGET_BUILD_DIR}/${FRAMEWORKS_FOLDER_PATH}/SwipeCellKit.framework",
			);
			runOnlyForDeploymentPostprocessing = 0;
			shellPath = /bin/sh;
			shellScript = "\"${PODS_ROOT}/Target Support Files/Pods-Todoey/Pods-Todoey-frameworks.sh\"\n";
			showEnvVarsInLog = 0;
		};
		D18B156C4FF861E3A26738DE /* [CP] Check Pods Manifest.lock */ = {
			isa = PBXShellScriptBuildPhase;
			buildActionMask = 2147483647;
			files = (
			);
			inputFileListPaths = (
			);
			inputPaths = (
				"${PODS_PODFILE_DIR_PATH}/Podfile.lock",
				"${PODS_ROOT}/Manifest.lock",
			);
			name = "[CP] Check Pods Manifest.lock";
			outputFileListPaths = (
			);
			outputPaths = (
				"$(DERIVED_FILE_DIR)/Pods-Todoey-checkManifestLockResult.txt",
			);
			runOnlyForDeploymentPostprocessing = 0;
			shellPath = /bin/sh;
			shellScript = "diff \"${PODS_PODFILE_DIR_PATH}/Podfile.lock\" \"${PODS_ROOT}/Manifest.lock\" > /dev/null\nif [ $? != 0 ] ; then\n    # print error to STDERR\n    echo \"error: The sandbox is not in sync with the Podfile.lock. Run 'pod install' or update your CocoaPods installation.\" >&2\n    exit 1\nfi\n# This output is used by Xcode 'outputs' to avoid re-running this script phase.\necho \"SUCCESS\" > \"${SCRIPT_OUTPUT_FILE_0}\"\n";
			showEnvVarsInLog = 0;
		};
/* End PBXShellScriptBuildPhase section */

/* Begin PBXSourcesBuildPhase section */
		E39277D0222F2E8700338498 /* Sources */ = {
			isa = PBXSourcesBuildPhase;
			buildActionMask = 2147483647;
			files = (
				E392781822371BF000338498 /* Item.swift in Sources */,
				E39278142236F22A00338498 /* CategoryViewController.swift in Sources */,
				E39277DA222F2E8700338498 /* TodoListViewController.swift in Sources */,
				E39277D8222F2E8700338498 /* AppDelegate.swift in Sources */,
				E3F1D8CF22482C6B003629BA /* SwipeTableViewController.swift in Sources */,
				E392781A22371BF500338498 /* Category.swift in Sources */,
			);
			runOnlyForDeploymentPostprocessing = 0;
		};
/* End PBXSourcesBuildPhase section */

/* Begin PBXVariantGroup section */
		E39277DB222F2E8700338498 /* Main.storyboard */ = {
			isa = PBXVariantGroup;
			children = (
				E39277DC222F2E8700338498 /* Base */,
			);
			name = Main.storyboard;
			sourceTree = "<group>";
		};
		E39277E0222F2E8900338498 /* LaunchScreen.storyboard */ = {
			isa = PBXVariantGroup;
			children = (
				E39277E1222F2E8900338498 /* Base */,
			);
			name = LaunchScreen.storyboard;
			sourceTree = "<group>";
		};
/* End PBXVariantGroup section */

/* Begin XCBuildConfiguration section */
		E39277E4222F2E8900338498 /* Debug */ = {
			isa = XCBuildConfiguration;
			buildSettings = {
				ALWAYS_SEARCH_USER_PATHS = NO;
				CLANG_ANALYZER_NONNULL = YES;
				CLANG_ANALYZER_NUMBER_OBJECT_CONVERSION = YES_AGGRESSIVE;
				CLANG_CXX_LANGUAGE_STANDARD = "gnu++14";
				CLANG_CXX_LIBRARY = "libc++";
				CLANG_ENABLE_MODULES = YES;
				CLANG_ENABLE_OBJC_ARC = YES;
				CLANG_ENABLE_OBJC_WEAK = YES;
				CLANG_WARN_BLOCK_CAPTURE_AUTORELEASING = YES;
				CLANG_WARN_BOOL_CONVERSION = YES;
				CLANG_WARN_COMMA = YES;
				CLANG_WARN_CONSTANT_CONVERSION = YES;
				CLANG_WARN_DEPRECATED_OBJC_IMPLEMENTATIONS = YES;
				CLANG_WARN_DIRECT_OBJC_ISA_USAGE = YES_ERROR;
				CLANG_WARN_DOCUMENTATION_COMMENTS = YES;
				CLANG_WARN_EMPTY_BODY = YES;
				CLANG_WARN_ENUM_CONVERSION = YES;
				CLANG_WARN_INFINITE_RECURSION = YES;
				CLANG_WARN_INT_CONVERSION = YES;
				CLANG_WARN_NON_LITERAL_NULL_CONVERSION = YES;
				CLANG_WARN_OBJC_IMPLICIT_RETAIN_SELF = YES;
				CLANG_WARN_OBJC_LITERAL_CONVERSION = YES;
				CLANG_WARN_OBJC_ROOT_CLASS = YES_ERROR;
				CLANG_WARN_RANGE_LOOP_ANALYSIS = YES;
				CLANG_WARN_STRICT_PROTOTYPES = YES;
				CLANG_WARN_SUSPICIOUS_MOVE = YES;
				CLANG_WARN_UNGUARDED_AVAILABILITY = YES_AGGRESSIVE;
				CLANG_WARN_UNREACHABLE_CODE = YES;
				CLANG_WARN__DUPLICATE_METHOD_MATCH = YES;
				CODE_SIGN_IDENTITY = "iPhone Developer";
				COPY_PHASE_STRIP = NO;
				DEBUG_INFORMATION_FORMAT = dwarf;
				ENABLE_STRICT_OBJC_MSGSEND = YES;
				ENABLE_TESTABILITY = YES;
				GCC_C_LANGUAGE_STANDARD = gnu11;
				GCC_DYNAMIC_NO_PIC = NO;
				GCC_NO_COMMON_BLOCKS = YES;
				GCC_OPTIMIZATION_LEVEL = 0;
				GCC_PREPROCESSOR_DEFINITIONS = (
					"DEBUG=1",
					"$(inherited)",
				);
				GCC_WARN_64_TO_32_BIT_CONVERSION = YES;
				GCC_WARN_ABOUT_RETURN_TYPE = YES_ERROR;
				GCC_WARN_UNDECLARED_SELECTOR = YES;
				GCC_WARN_UNINITIALIZED_AUTOS = YES_AGGRESSIVE;
				GCC_WARN_UNUSED_FUNCTION = YES;
				GCC_WARN_UNUSED_VARIABLE = YES;
				IPHONEOS_DEPLOYMENT_TARGET = 12.1;
				MTL_ENABLE_DEBUG_INFO = INCLUDE_SOURCE;
				MTL_FAST_MATH = YES;
				ONLY_ACTIVE_ARCH = YES;
				SDKROOT = iphoneos;
				SWIFT_ACTIVE_COMPILATION_CONDITIONS = DEBUG;
				SWIFT_OPTIMIZATION_LEVEL = "-Onone";
			};
			name = Debug;
		};
		E39277E5222F2E8900338498 /* Release */ = {
			isa = XCBuildConfiguration;
			buildSettings = {
				ALWAYS_SEARCH_USER_PATHS = NO;
				CLANG_ANALYZER_NONNULL = YES;
				CLANG_ANALYZER_NUMBER_OBJECT_CONVERSION = YES_AGGRESSIVE;
				CLANG_CXX_LANGUAGE_STANDARD = "gnu++14";
				CLANG_CXX_LIBRARY = "libc++";
				CLANG_ENABLE_MODULES = YES;
				CLANG_ENABLE_OBJC_ARC = YES;
				CLANG_ENABLE_OBJC_WEAK = YES;
				CLANG_WARN_BLOCK_CAPTURE_AUTORELEASING = YES;
				CLANG_WARN_BOOL_CONVERSION = YES;
				CLANG_WARN_COMMA = YES;
				CLANG_WARN_CONSTANT_CONVERSION = YES;
				CLANG_WARN_DEPRECATED_OBJC_IMPLEMENTATIONS = YES;
				CLANG_WARN_DIRECT_OBJC_ISA_USAGE = YES_ERROR;
				CLANG_WARN_DOCUMENTATION_COMMENTS = YES;
				CLANG_WARN_EMPTY_BODY = YES;
				CLANG_WARN_ENUM_CONVERSION = YES;
				CLANG_WARN_INFINITE_RECURSION = YES;
				CLANG_WARN_INT_CONVERSION = YES;
				CLANG_WARN_NON_LITERAL_NULL_CONVERSION = YES;
				CLANG_WARN_OBJC_IMPLICIT_RETAIN_SELF = YES;
				CLANG_WARN_OBJC_LITERAL_CONVERSION = YES;
				CLANG_WARN_OBJC_ROOT_CLASS = YES_ERROR;
				CLANG_WARN_RANGE_LOOP_ANALYSIS = YES;
				CLANG_WARN_STRICT_PROTOTYPES = YES;
				CLANG_WARN_SUSPICIOUS_MOVE = YES;
				CLANG_WARN_UNGUARDED_AVAILABILITY = YES_AGGRESSIVE;
				CLANG_WARN_UNREACHABLE_CODE = YES;
				CLANG_WARN__DUPLICATE_METHOD_MATCH = YES;
				CODE_SIGN_IDENTITY = "iPhone Developer";
				COPY_PHASE_STRIP = NO;
				DEBUG_INFORMATION_FORMAT = "dwarf-with-dsym";
				ENABLE_NS_ASSERTIONS = NO;
				ENABLE_STRICT_OBJC_MSGSEND = YES;
				GCC_C_LANGUAGE_STANDARD = gnu11;
				GCC_NO_COMMON_BLOCKS = YES;
				GCC_WARN_64_TO_32_BIT_CONVERSION = YES;
				GCC_WARN_ABOUT_RETURN_TYPE = YES_ERROR;
				GCC_WARN_UNDECLARED_SELECTOR = YES;
				GCC_WARN_UNINITIALIZED_AUTOS = YES_AGGRESSIVE;
				GCC_WARN_UNUSED_FUNCTION = YES;
				GCC_WARN_UNUSED_VARIABLE = YES;
				IPHONEOS_DEPLOYMENT_TARGET = 12.1;
				MTL_ENABLE_DEBUG_INFO = NO;
				MTL_FAST_MATH = YES;
				SDKROOT = iphoneos;
				SWIFT_COMPILATION_MODE = wholemodule;
				SWIFT_OPTIMIZATION_LEVEL = "-O";
				VALIDATE_PRODUCT = YES;
			};
			name = Release;
		};
		E39277E7222F2E8900338498 /* Debug */ = {
			isa = XCBuildConfiguration;
			baseConfigurationReference = B0E1CC110BFE44BF7B8F7686 /* Pods-Todoey.debug.xcconfig */;
			buildSettings = {
				ASSETCATALOG_COMPILER_APPICON_NAME = AppIcon;
				CODE_SIGN_STYLE = Automatic;
				DEVELOPMENT_TEAM = 98727SR3A5;
				INFOPLIST_FILE = Todoey/Info.plist;
				LD_RUNPATH_SEARCH_PATHS = (
					"$(inherited)",
					"@executable_path/Frameworks",
				);
				PRODUCT_BUNDLE_IDENTIFIER = com.adamnogradi.Todoey;
				PRODUCT_NAME = "$(TARGET_NAME)";
				SWIFT_VERSION = 4.2;
				TARGETED_DEVICE_FAMILY = "1,2";
			};
			name = Debug;
		};
		E39277E8222F2E8900338498 /* Release */ = {
			isa = XCBuildConfiguration;
			baseConfigurationReference = 810166CB41EF0049F97DFAB8 /* Pods-Todoey.release.xcconfig */;
			buildSettings = {
				ASSETCATALOG_COMPILER_APPICON_NAME = AppIcon;
				CODE_SIGN_STYLE = Automatic;
				DEVELOPMENT_TEAM = 98727SR3A5;
				INFOPLIST_FILE = Todoey/Info.plist;
				LD_RUNPATH_SEARCH_PATHS = (
					"$(inherited)",
					"@executable_path/Frameworks",
				);
				PRODUCT_BUNDLE_IDENTIFIER = com.adamnogradi.Todoey;
				PRODUCT_NAME = "$(TARGET_NAME)";
				SWIFT_VERSION = 4.2;
				TARGETED_DEVICE_FAMILY = "1,2";
			};
			name = Release;
		};
/* End XCBuildConfiguration section */

/* Begin XCConfigurationList section */
		E39277CF222F2E8700338498 /* Build configuration list for PBXProject "Todoey" */ = {
			isa = XCConfigurationList;
			buildConfigurations = (
				E39277E4222F2E8900338498 /* Debug */,
				E39277E5222F2E8900338498 /* Release */,
			);
			defaultConfigurationIsVisible = 0;
			defaultConfigurationName = Release;
		};
		E39277E6222F2E8900338498 /* Build configuration list for PBXNativeTarget "Todoey" */ = {
			isa = XCConfigurationList;
			buildConfigurations = (
				E39277E7222F2E8900338498 /* Debug */,
				E39277E8222F2E8900338498 /* Release */,
			);
			defaultConfigurationIsVisible = 0;
			defaultConfigurationName = Release;
		};
/* End XCConfigurationList section */
	};
	rootObject = E39277CC222F2E8700338498 /* Project object */;
}
